
Microsoft Visual Studio Solution File, Format Version 12.00
# Visual Studio Version 17
VisualStudioVersion = 17.2.32505.173
MinimumVisualStudioVersion = 10.0.40219.1
Project("{9A19103F-16F7-4668-BE54-9A1E7A4F7556}") = "Smev3Client", "Smev3Client\Smev3Client.csproj", "{92A8A458-C93F-4DA5-BB36-9838805EA664}"
EndProject
Project("{2150E333-8FDC-42A3-9474-1A3956D46DE8}") = "Tests", "Tests", "{0783FFB9-5B98-4884-829B-BD26389BFD74}"
EndProject
Project("{9A19103F-16F7-4668-BE54-9A1E7A4F7556}") = "Smev3Client.Tests", "Smev3Client.Tests\Smev3Client.Tests.csproj", "{117F540D-8837-4DBB-B263-E061EBAD2145}"
EndProject
Global
	GlobalSection(SolutionConfigurationPlatforms) = preSolution
		Debug|Any CPU = Debug|Any CPU
		Release|Any CPU = Release|Any CPU
	EndGlobalSection
	GlobalSection(ProjectConfigurationPlatforms) = postSolution
		{92A8A458-C93F-4DA5-BB36-9838805EA664}.Debug|Any CPU.ActiveCfg = Debug|Any CPU
		{92A8A458-C93F-4DA5-BB36-9838805EA664}.Debug|Any CPU.Build.0 = Debug|Any CPU
		{92A8A458-C93F-4DA5-BB36-9838805EA664}.Release|Any CPU.ActiveCfg = Release|Any CPU
		{92A8A458-C93F-4DA5-BB36-9838805EA664}.Release|Any CPU.Build.0 = Release|Any CPU
		{117F540D-8837-4DBB-B263-E061EBAD2145}.Debug|Any CPU.ActiveCfg = Debug|Any CPU
		{117F540D-8837-4DBB-B263-E061EBAD2145}.Debug|Any CPU.Build.0 = Debug|Any CPU
		{117F540D-8837-4DBB-B263-E061EBAD2145}.Release|Any CPU.ActiveCfg = Release|Any CPU
		{117F540D-8837-4DBB-B263-E061EBAD2145}.Release|Any CPU.Build.0 = Release|Any CPU
	EndGlobalSection
	GlobalSection(SolutionProperties) = preSolution
		HideSolutionNode = FALSE
	EndGlobalSection
	GlobalSection(NestedProjects) = preSolution
		{117F540D-8837-4DBB-B263-E061EBAD2145} = {0783FFB9-5B98-4884-829B-BD26389BFD74}
	EndGlobalSection
	GlobalSection(ExtensibilityGlobals) = postSolution
		SolutionGuid = {C8E28D8B-BA1C-4ADC-A7FB-7C9A53392676}
	EndGlobalSection
EndGlobal
